{
  "name": "pi-agent-setup",
  "version": "0.1.0",
  "lockfileVersion": 3,
  "requires": true,
  "packages": {
    "": {
      "name": "pi-agent-setup",
      "version": "0.1.0",
      "dependencies": {
        "@sinclair/typebox": "^0.34.41",
        "diff": "^5.2.0"
      },
      "peerDependencies": {
        "@mariozechner/pi-ai": "*",
        "@mariozechner/pi-coding-agent": "*",
        "@mariozechner/pi-tui": "*",
        "typebox": "*"
      }
    },
    "node_modules/@sinclair/typebox": {
      "version": "0.34.49",
      "resolved": "https://registry.npmjs.org/@sinclair/typebox/-/typebox-0.34.49.tgz",
      "integrity": "sha512-brySQQs7Jtn0joV8Xh9ZV/hZb9Ozb0pmazDIASBkYKCjXrXU3mpcFahmK/z4YDhGkQvP9mWJbVyahdtU5wQA+A==",
      "license": "MIT"
    },
    "node_modules/diff": {
      "version": "5.2.2",
      "resolved": "https://registry.npmjs.org/diff/-/diff-5.2.2.tgz",
      "integrity": "sha512-vtcDfH3TOjP8UekytvnHH1o1P4FcUdt4eQ1Y+Abap1tk/OB2MWQvcwS2ClCd1zuIhc3JKOx6p3kod8Vfys3E+A==",
      "license": "BSD-3-Clause",
      "engines": {
        "node": ">=0.3.1"
      }
    }
  }
}
